// !$*UTF8*$!
{
	archiveVersion = 1;
	classes = {
	};
	objectVersion = 46;
	objects = {

/* Begin PBXBuildFile section */
		CD7FCAE7165B0D97FAE8032D /* Pods_Scheduler.framework in Frameworks */ = {isa = PBXBuildFile; fileRef = 8B0CA5C9442DAAE447B1E08E /* Pods_Scheduler.framework */; };
		F716E4AF1C3C0566005017BC /* AppDelegate.swift in Sources */ = {isa = PBXBuildFile; fileRef = F716E4AE1C3C0566005017BC /* AppDelegate.swift */; };
		F716E4B11C3C0566005017BC /* ViewControllerNew.swift in Sources */ = {isa = PBXBuildFile; fileRef = F716E4B01C3C0566005017BC /* ViewControllerNew.swift */; };
		F716E4B71C3C0566005017BC /* Scheduler.xcdatamodeld in Sources */ = {isa = PBXBuildFile; fileRef = F716E4B51C3C0566005017BC /* Scheduler.xcdatamodeld */; };
		F716E4B91C3C0566005017BC /* Assets.xcassets in Resources */ = {isa = PBXBuildFile; fileRef = F716E4B81C3C0566005017BC /* Assets.xcassets */; };
		F716E4BC1C3C0566005017BC /* LaunchScreen.storyboard in Resources */ = {isa = PBXBuildFile; fileRef = F716E4BA1C3C0566005017BC /* LaunchScreen.storyboard */; };
		F716E4C71C3C0566005017BC /* SchedulerTests.swift in Sources */ = {isa = PBXBuildFile; fileRef = F716E4C61C3C0566005017BC /* SchedulerTests.swift */; };
		F716E4D21C3C0566005017BC /* SchedulerUITests.swift in Sources */ = {isa = PBXBuildFile; fileRef = F716E4D11C3C0566005017BC /* SchedulerUITests.swift */; };
		F716E4E21C3D6312005017BC /* Main.storyboard in Resources */ = {isa = PBXBuildFile; fileRef = F716E4E11C3D6312005017BC /* Main.storyboard */; };
		F716E5091C3D6A72005017BC /* FadingAnimations.swift in Sources */ = {isa = PBXBuildFile; fileRef = F716E5081C3D6A72005017BC /* FadingAnimations.swift */; };
		F716E50C1C3D6B29005017BC /* SchedulerViewController.swift in Sources */ = {isa = PBXBuildFile; fileRef = F716E50B1C3D6B29005017BC /* SchedulerViewController.swift */; };
		F716E50E1C3D6B65005017BC /* EditScheduleViewController.swift in Sources */ = {isa = PBXBuildFile; fileRef = F716E50D1C3D6B65005017BC /* EditScheduleViewController.swift */; };
		F716E5101C3D6B7D005017BC /* NetClassroomViewController.swift in Sources */ = {isa = PBXBuildFile; fileRef = F716E50F1C3D6B7D005017BC /* NetClassroomViewController.swift */; };
		F716E5121C3D6B8D005017BC /* HaikuViewController.swift in Sources */ = {isa = PBXBuildFile; fileRef = F716E5111C3D6B8D005017BC /* HaikuViewController.swift */; };
		F716E5141C3D6BA2005017BC /* WeatherViewController.swift in Sources */ = {isa = PBXBuildFile; fileRef = F716E5131C3D6BA2005017BC /* WeatherViewController.swift */; };
		F716E5161C3F5713005017BC /* Custom UIButton Touch Detection.swift in Sources */ = {isa = PBXBuildFile; fileRef = F716E5151C3F5713005017BC /* Custom UIButton Touch Detection.swift */; };
/* End PBXBuildFile section */

/* Begin PBXContainerItemProxy section */
		F716E4C31C3C0566005017BC /* PBXContainerItemProxy */ = {
			isa = PBXContainerItemProxy;
			containerPortal = F716E4A31C3C0566005017BC /* Project object */;
			proxyType = 1;
			remoteGlobalIDString = F716E4AA1C3C0566005017BC;
			remoteInfo = Scheduler;
		};
		F716E4CE1C3C0566005017BC /* PBXContainerItemProxy */ = {
			isa = PBXContainerItemProxy;
			containerPortal = F716E4A31C3C0566005017BC /* Project object */;
			proxyType = 1;
			remoteGlobalIDString = F716E4AA1C3C0566005017BC;
			remoteInfo = Scheduler;
		};
/* End PBXContainerItemProxy section */

/* Begin PBXFileReference section */
		7713F907321536D42AF94E1A /* Pods-Scheduler.release.xcconfig */ = {isa = PBXFileReference; includeInIndex = 1; lastKnownFileType = text.xcconfig; name = "Pods-Scheduler.release.xcconfig"; path = "Pods/Target Support Files/Pods-Scheduler/Pods-Scheduler.release.xcconfig"; sourceTree = "<group>"; };
		8531D6DEAA9EC56220A864C9 /* Pods-Scheduler.debug.xcconfig */ = {isa = PBXFileReference; includeInIndex = 1; lastKnownFileType = text.xcconfig; name = "Pods-Scheduler.debug.xcconfig"; path = "Pods/Target Support Files/Pods-Scheduler/Pods-Scheduler.debug.xcconfig"; sourceTree = "<group>"; };
		8B0CA5C9442DAAE447B1E08E /* Pods_Scheduler.framework */ = {isa = PBXFileReference; explicitFileType = wrapper.framework; includeInIndex = 0; path = Pods_Scheduler.framework; sourceTree = BUILT_PRODUCTS_DIR; };
		F716E4AB1C3C0566005017BC /* Scheduler.app */ = {isa = PBXFileReference; explicitFileType = wrapper.application; includeInIndex = 0; path = Scheduler.app; sourceTree = BUILT_PRODUCTS_DIR; };
		F716E4AE1C3C0566005017BC /* AppDelegate.swift */ = {isa = PBXFileReference; lastKnownFileType = sourcecode.swift; path = AppDelegate.swift; sourceTree = "<group>"; };
		F716E4B01C3C0566005017BC /* ViewControllerNew.swift */ = {isa = PBXFileReference; lastKnownFileType = sourcecode.swift; path = ViewControllerNew.swift; sourceTree = "<group>"; };
		F716E4B61C3C0566005017BC /* Scheduler.xcdatamodel */ = {isa = PBXFileReference; lastKnownFileType = wrapper.xcdatamodel; path = Scheduler.xcdatamodel; sourceTree = "<group>"; };
		F716E4B81C3C0566005017BC /* Assets.xcassets */ = {isa = PBXFileReference; lastKnownFileType = folder.assetcatalog; path = Assets.xcassets; sourceTree = "<group>"; };
		F716E4BB1C3C0566005017BC /* Base */ = {isa = PBXFileReference; lastKnownFileType = file.storyboard; name = Base; path = Base.lproj/LaunchScreen.storyboard; sourceTree = "<group>"; };
		F716E4BD1C3C0566005017BC /* Info.plist */ = {isa = PBXFileReference; lastKnownFileType = text.plist.xml; path = Info.plist; sourceTree = "<group>"; };
		F716E4C21C3C0566005017BC /* SchedulerTests.xctest */ = {isa = PBXFileReference; explicitFileType = wrapper.cfbundle; includeInIndex = 0; path = SchedulerTests.xctest; sourceTree = BUILT_PRODUCTS_DIR; };
		F716E4C61C3C0566005017BC /* SchedulerTests.swift */ = {isa = PBXFileReference; lastKnownFileType = sourcecode.swift; path = SchedulerTests.swift; sourceTree = "<group>"; };
		F716E4C81C3C0566005017BC /* Info.plist */ = {isa = PBXFileReference; lastKnownFileType = text.plist.xml; path = Info.plist; sourceTree = "<group>"; };
		F716E4CD1C3C0566005017BC /* SchedulerUITests.xctest */ = {isa = PBXFileReference; explicitFileType = wrapper.cfbundle; includeInIndex = 0; path = SchedulerUITests.xctest; sourceTree = BUILT_PRODUCTS_DIR; };
		F716E4D11C3C0566005017BC /* SchedulerUITests.swift */ = {isa = PBXFileReference; lastKnownFileType = sourcecode.swift; path = SchedulerUITests.swift; sourceTree = "<group>"; };
		F716E4D31C3C0566005017BC /* Info.plist */ = {isa = PBXFileReference; lastKnownFileType = text.plist.xml; path = Info.plist; sourceTree = "<group>"; };
		F716E4E11C3D6312005017BC /* Main.storyboard */ = {isa = PBXFileReference; fileEncoding = 4; lastKnownFileType = file.storyboard; path = Main.storyboard; sourceTree = "<group>"; };
		F716E5081C3D6A72005017BC /* FadingAnimations.swift */ = {isa = PBXFileReference; fileEncoding = 4; lastKnownFileType = sourcecode.swift; path = FadingAnimations.swift; sourceTree = "<group>"; };
		F716E50B1C3D6B29005017BC /* SchedulerViewController.swift */ = {isa = PBXFileReference; fileEncoding = 4; lastKnownFileType = sourcecode.swift; path = SchedulerViewController.swift; sourceTree = "<group>"; };
		F716E50D1C3D6B65005017BC /* EditScheduleViewController.swift */ = {isa = PBXFileReference; fileEncoding = 4; lastKnownFileType = sourcecode.swift; path = EditScheduleViewController.swift; sourceTree = "<group>"; };
		F716E50F1C3D6B7D005017BC /* NetClassroomViewController.swift */ = {isa = PBXFileReference; fileEncoding = 4; lastKnownFileType = sourcecode.swift; path = NetClassroomViewController.swift; sourceTree = "<group>"; };
		F716E5111C3D6B8D005017BC /* HaikuViewController.swift */ = {isa = PBXFileReference; fileEncoding = 4; lastKnownFileType = sourcecode.swift; path = HaikuViewController.swift; sourceTree = "<group>"; };
		F716E5131C3D6BA2005017BC /* WeatherViewController.swift */ = {isa = PBXFileReference; fileEncoding = 4; lastKnownFileType = sourcecode.swift; path = WeatherViewController.swift; sourceTree = "<group>"; };
		F716E5151C3F5713005017BC /* Custom UIButton Touch Detection.swift */ = {isa = PBXFileReference; fileEncoding = 4; lastKnownFileType = sourcecode.swift; path = "Custom UIButton Touch Detection.swift"; sourceTree = "<group>"; };
/* End PBXFileReference section */

/* Begin PBXFrameworksBuildPhase section */
		F716E4A81C3C0566005017BC /* Frameworks */ = {
			isa = PBXFrameworksBuildPhase;
			buildActionMask = 2147483647;
			files = (
				CD7FCAE7165B0D97FAE8032D /* Pods_Scheduler.framework in Frameworks */,
			);
			runOnlyForDeploymentPostprocessing = 0;
		};
		F716E4BF1C3C0566005017BC /* Frameworks */ = {
			isa = PBXFrameworksBuildPhase;
			buildActionMask = 2147483647;
			files = (
			);
			runOnlyForDeploymentPostprocessing = 0;
		};
		F716E4CA1C3C0566005017BC /* Frameworks */ = {
			isa = PBXFrameworksBuildPhase;
			buildActionMask = 2147483647;
			files = (
			);
			runOnlyForDeploymentPostprocessing = 0;
		};
/* End PBXFrameworksBuildPhase section */

/* Begin PBXGroup section */
		94D5EF19BD27F8E913FF90FD /* Frameworks */ = {
			isa = PBXGroup;
			children = (
				8B0CA5C9442DAAE447B1E08E /* Pods_Scheduler.framework */,
			);
			name = Frameworks;
			sourceTree = "<group>";
		};
		BE284D0734CEB6AB54E97E93 /* Pods */ = {
			isa = PBXGroup;
			children = (
				8531D6DEAA9EC56220A864C9 /* Pods-Scheduler.debug.xcconfig */,
				7713F907321536D42AF94E1A /* Pods-Scheduler.release.xcconfig */,
			);
			name = Pods;
			sourceTree = "<group>";
		};
		F716E4A21C3C0566005017BC = {
			isa = PBXGroup;
			children = (
				F716E4AD1C3C0566005017BC /* Scheduler */,
				F716E4C51C3C0566005017BC /* SchedulerTests */,
				F716E4D01C3C0566005017BC /* SchedulerUITests */,
				F716E4AC1C3C0566005017BC /* Products */,
				BE284D0734CEB6AB54E97E93 /* Pods */,
				94D5EF19BD27F8E913FF90FD /* Frameworks */,
			);
			sourceTree = "<group>";
		};
		F716E4AC1C3C0566005017BC /* Products */ = {
			isa = PBXGroup;
			children = (
				F716E4AB1C3C0566005017BC /* Scheduler.app */,
				F716E4C21C3C0566005017BC /* SchedulerTests.xctest */,
				F716E4CD1C3C0566005017BC /* SchedulerUITests.xctest */,
			);
			name = Products;
			sourceTree = "<group>";
		};
		F716E4AD1C3C0566005017BC /* Scheduler */ = {
			isa = PBXGroup;
			children = (
				F716E4AE1C3C0566005017BC /* AppDelegate.swift */,
				F716E50A1C3D6AEE005017BC /* ViewControllers */,
				F716E4B81C3C0566005017BC /* Assets.xcassets */,
				F716E4E11C3D6312005017BC /* Main.storyboard */,
				F716E5151C3F5713005017BC /* Custom UIButton Touch Detection.swift */,
				F716E4BA1C3C0566005017BC /* LaunchScreen.storyboard */,
				F716E5071C3D6A5B005017BC /* My Frameworks */,
				F716E4BD1C3C0566005017BC /* Info.plist */,
				F716E4B51C3C0566005017BC /* Scheduler.xcdatamodeld */,
			);
			path = Scheduler;
			sourceTree = "<group>";
		};
		F716E4C51C3C0566005017BC /* SchedulerTests */ = {
			isa = PBXGroup;
			children = (
				F716E4C61C3C0566005017BC /* SchedulerTests.swift */,
				F716E4C81C3C0566005017BC /* Info.plist */,
			);
			path = SchedulerTests;
			sourceTree = "<group>";
		};
		F716E4D01C3C0566005017BC /* SchedulerUITests */ = {
			isa = PBXGroup;
			children = (
				F716E4D11C3C0566005017BC /* SchedulerUITests.swift */,
				F716E4D31C3C0566005017BC /* Info.plist */,
			);
			path = SchedulerUITests;
			sourceTree = "<group>";
		};
		F716E5071C3D6A5B005017BC /* My Frameworks */ = {
			isa = PBXGroup;
			children = (
				F716E5081C3D6A72005017BC /* FadingAnimations.swift */,
			);
			name = "My Frameworks";
			sourceTree = "<group>";
		};
		F716E50A1C3D6AEE005017BC /* ViewControllers */ = {
			isa = PBXGroup;
			children = (
				F716E4B01C3C0566005017BC /* ViewControllerNew.swift */,
				F716E50B1C3D6B29005017BC /* SchedulerViewController.swift */,
				F716E50D1C3D6B65005017BC /* EditScheduleViewController.swift */,
				F716E50F1C3D6B7D005017BC /* NetClassroomViewController.swift */,
				F716E5111C3D6B8D005017BC /* HaikuViewController.swift */,
				F716E5131C3D6BA2005017BC /* WeatherViewController.swift */,
			);
			name = ViewControllers;
			sourceTree = "<group>";
		};
/* End PBXGroup section */

/* Begin PBXNativeTarget section */
		F716E4AA1C3C0566005017BC /* Scheduler */ = {
			isa = PBXNativeTarget;
			buildConfigurationList = F716E4D61C3C0566005017BC /* Build configuration list for PBXNativeTarget "Scheduler" */;
			buildPhases = (
				A95D624C06C23B5FFE163E5B /* Check Pods Manifest.lock */,
				F716E4A71C3C0566005017BC /* Sources */,
				F716E4A81C3C0566005017BC /* Frameworks */,
				F716E4A91C3C0566005017BC /* Resources */,
				06E482F885327CA623FFCA9A /* Embed Pods Frameworks */,
				7E09BD10B4A37453C69100F4 /* Copy Pods Resources */,
			);
			buildRules = (
			);
			dependencies = (
			);
			name = Scheduler;
			productName = Scheduler;
			productReference = F716E4AB1C3C0566005017BC /* Scheduler.app */;
			productType = "com.apple.product-type.application";
		};
		F716E4C11C3C0566005017BC /* SchedulerTests */ = {
			isa = PBXNativeTarget;
			buildConfigurationList = F716E4D91C3C0566005017BC /* Build configuration list for PBXNativeTarget "SchedulerTests" */;
			buildPhases = (
				F716E4BE1C3C0566005017BC /* Sources */,
				F716E4BF1C3C0566005017BC /* Frameworks */,
				F716E4C01C3C0566005017BC /* Resources */,
			);
			buildRules = (
			);
			dependencies = (
				F716E4C41C3C0566005017BC /* PBXTargetDependency */,
			);
			name = SchedulerTests;
			productName = SchedulerTests;
			productReference = F716E4C21C3C0566005017BC /* SchedulerTests.xctest */;
			productType = "com.apple.product-type.bundle.unit-test";
		};
		F716E4CC1C3C0566005017BC /* SchedulerUITests */ = {
			isa = PBXNativeTarget;
			buildConfigurationList = F716E4DC1C3C0566005017BC /* Build configuration list for PBXNativeTarget "SchedulerUITests" */;
			buildPhases = (
				F716E4C91C3C0566005017BC /* Sources */,
				F716E4CA1C3C0566005017BC /* Frameworks */,
				F716E4CB1C3C0566005017BC /* Resources */,
			);
			buildRules = (
			);
			dependencies = (
				F716E4CF1C3C0566005017BC /* PBXTargetDependency */,
			);
			name = SchedulerUITests;
			productName = SchedulerUITests;
			productReference = F716E4CD1C3C0566005017BC /* SchedulerUITests.xctest */;
			productType = "com.apple.product-type.bundle.ui-testing";
		};
/* End PBXNativeTarget section */

/* Begin PBXProject section */
		F716E4A31C3C0566005017BC /* Project object */ = {
			isa = PBXProject;
			attributes = {
				LastSwiftUpdateCheck = 0710;
				LastUpgradeCheck = 0710;
				ORGANIZATIONNAME = "Patronus LLC";
				TargetAttributes = {
					F716E4AA1C3C0566005017BC = {
						CreatedOnToolsVersion = 7.1;
					};
					F716E4C11C3C0566005017BC = {
						CreatedOnToolsVersion = 7.1;
						TestTargetID = F716E4AA1C3C0566005017BC;
					};
					F716E4CC1C3C0566005017BC = {
						CreatedOnToolsVersion = 7.1;
						TestTargetID = F716E4AA1C3C0566005017BC;
					};
				};
			};
			buildConfigurationList = F716E4A61C3C0566005017BC /* Build configuration list for PBXProject "Scheduler" */;
			compatibilityVersion = "Xcode 3.2";
			developmentRegion = English;
			hasScannedForEncodings = 0;
			knownRegions = (
				en,
				Base,
			);
			mainGroup = F716E4A21C3C0566005017BC;
			productRefGroup = F716E4AC1C3C0566005017BC /* Products */;
			projectDirPath = "";
			projectRoot = "";
			targets = (
				F716E4AA1C3C0566005017BC /* Scheduler */,
				F716E4C11C3C0566005017BC /* SchedulerTests */,
				F716E4CC1C3C0566005017BC /* SchedulerUITests */,
			);
		};
/* End PBXProject section */

/* Begin PBXResourcesBuildPhase section */
		F716E4A91C3C0566005017BC /* Resources */ = {
			isa = PBXResourcesBuildPhase;
			buildActionMask = 2147483647;
			files = (
				F716E4E21C3D6312005017BC /* Main.storyboard in Resources */,
				F716E4BC1C3C0566005017BC /* LaunchScreen.storyboard in Resources */,
				F716E4B91C3C0566005017BC /* Assets.xcassets in Resources */,
			);
			runOnlyForDeploymentPostprocessing = 0;
		};
		F716E4C01C3C0566005017BC /* Resources */ = {
			isa = PBXResourcesBuildPhase;
			buildActionMask = 2147483647;
			files = (
			);
			runOnlyForDeploymentPostprocessing = 0;
		};
		F716E4CB1C3C0566005017BC /* Resources */ = {
			isa = PBXResourcesBuildPhase;
			buildActionMask = 2147483647;
			files = (
			);
			runOnlyForDeploymentPostprocessing = 0;
		};
/* End PBXResourcesBuildPhase section */

/* Begin PBXShellScriptBuildPhase section */
		06E482F885327CA623FFCA9A /* Embed Pods Frameworks */ = {
			isa = PBXShellScriptBuildPhase;
			buildActionMask = 2147483647;
			files = (
			);
			inputPaths = (
			);
			name = "Embed Pods Frameworks";
			outputPaths = (
			);
			runOnlyForDeploymentPostprocessing = 0;
			shellPath = /bin/sh;
			shellScript = "\"${SRCROOT}/Pods/Target Support Files/Pods-Scheduler/Pods-Scheduler-frameworks.sh\"\n";
			showEnvVarsInLog = 0;
		};
		7E09BD10B4A37453C69100F4 /* Copy Pods Resources */ = {
			isa = PBXShellScriptBuildPhase;
			buildActionMask = 2147483647;
			files = (
			);
			inputPaths = (
			);
			name = "Copy Pods Resources";
			outputPaths = (
			);
			runOnlyForDeploymentPostprocessing = 0;
			shellPath = /bin/sh;
			shellScript = "\"${SRCROOT}/Pods/Target Support Files/Pods-Scheduler/Pods-Scheduler-resources.sh\"\n";
			showEnvVarsInLog = 0;
		};
		A95D624C06C23B5FFE163E5B /* Check Pods Manifest.lock */ = {
			isa = PBXShellScriptBuildPhase;
			buildActionMask = 2147483647;
			files = (
			);
			inputPaths = (
			);
			name = "Check Pods Manifest.lock";
			outputPaths = (
			);
			runOnlyForDeploymentPostprocessing = 0;
			shellPath = /bin/sh;
			shellScript = "diff \"${PODS_ROOT}/../Podfile.lock\" \"${PODS_ROOT}/Manifest.lock\" > /dev/null\nif [[ $? != 0 ]] ; then\n    cat << EOM\nerror: The sandbox is not in sync with the Podfile.lock. Run 'pod install' or update your CocoaPods installation.\nEOM\n    exit 1\nfi\n";
			showEnvVarsInLog = 0;
		};
/* End PBXShellScriptBuildPhase section */

/* Begin PBXSourcesBuildPhase section */
		F716E4A71C3C0566005017BC /* Sources */ = {
			isa = PBXSourcesBuildPhase;
			buildActionMask = 2147483647;
			files = (
				F716E4B11C3C0566005017BC /* ViewControllerNew.swift in Sources */,
				F716E5141C3D6BA2005017BC /* WeatherViewController.swift in Sources */,
				F716E5091C3D6A72005017BC /* FadingAnimations.swift in Sources */,
				F716E5161C3F5713005017BC /* Custom UIButton Touch Detection.swift in Sources */,
				F716E4B71C3C0566005017BC /* Scheduler.xcdatamodeld in Sources */,
				F716E50C1C3D6B29005017BC /* SchedulerViewController.swift in Sources */,
				F716E5101C3D6B7D005017BC /* NetClassroomViewController.swift in Sources */,
				F716E5121C3D6B8D005017BC /* HaikuViewController.swift in Sources */,
				F716E50E1C3D6B65005017BC /* EditScheduleViewController.swift in Sources */,
				F716E4AF1C3C0566005017BC /* AppDelegate.swift in Sources */,
			);
			runOnlyForDeploymentPostprocessing = 0;
		};
		F716E4BE1C3C0566005017BC /* Sources */ = {
			isa = PBXSourcesBuildPhase;
			buildActionMask = 2147483647;
			files = (
				F716E4C71C3C0566005017BC /* SchedulerTests.swift in Sources */,
			);
			runOnlyForDeploymentPostprocessing = 0;
		};
		F716E4C91C3C0566005017BC /* Sources */ = {
			isa = PBXSourcesBuildPhase;
			buildActionMask = 2147483647;
			files = (
				F716E4D21C3C0566005017BC /* SchedulerUITests.swift in Sources */,
			);
			runOnlyForDeploymentPostprocessing = 0;
		};
/* End PBXSourcesBuildPhase section */

/* Begin PBXTargetDependency section */
		F716E4C41C3C0566005017BC /* PBXTargetDependency */ = {
			isa = PBXTargetDependency;
			target = F716E4AA1C3C0566005017BC /* Scheduler */;
			targetProxy = F716E4C31C3C0566005017BC /* PBXContainerItemProxy */;
		};
		F716E4CF1C3C0566005017BC /* PBXTargetDependency */ = {
			isa = PBXTargetDependency;
			target = F716E4AA1C3C0566005017BC /* Scheduler */;
			targetProxy = F716E4CE1C3C0566005017BC /* PBXContainerItemProxy */;
		};
/* End PBXTargetDependency section */

/* Begin PBXVariantGroup section */
		F716E4BA1C3C0566005017BC /* LaunchScreen.storyboard */ = {
			isa = PBXVariantGroup;
			children = (
				F716E4BB1C3C0566005017BC /* Base */,
			);
			name = LaunchScreen.storyboard;
			sourceTree = "<group>";
		};
/* End PBXVariantGroup section */

/* Begin XCBuildConfiguration section */
		F716E4D41C3C0566005017BC /* Debug */ = {
			isa = XCBuildConfiguration;
			buildSettings = {
				ALWAYS_SEARCH_USER_PATHS = NO;
				CLANG_CXX_LANGUAGE_STANDARD = "gnu++0x";
				CLANG_CXX_LIBRARY = "libc++";
				CLANG_ENABLE_MODULES = YES;
				CLANG_ENABLE_OBJC_ARC = YES;
				CLANG_WARN_BOOL_CONVERSION = YES;
				CLANG_WARN_CONSTANT_CONVERSION = YES;
				CLANG_WARN_DIRECT_OBJC_ISA_USAGE = YES_ERROR;
				CLANG_WARN_EMPTY_BODY = YES;
				CLANG_WARN_ENUM_CONVERSION = YES;
				CLANG_WARN_INT_CONVERSION = YES;
				CLANG_WARN_OBJC_ROOT_CLASS = YES_ERROR;
				CLANG_WARN_UNREACHABLE_CODE = YES;
				CLANG_WARN__DUPLICATE_METHOD_MATCH = YES;
				"CODE_SIGN_IDENTITY[sdk=iphoneos*]" = "iPhone Developer";
				COPY_PHASE_STRIP = NO;
				DEBUG_INFORMATION_FORMAT = dwarf;
				ENABLE_STRICT_OBJC_MSGSEND = YES;
				ENABLE_TESTABILITY = YES;
				GCC_C_LANGUAGE_STANDARD = gnu99;
				GCC_DYNAMIC_NO_PIC = NO;
				GCC_NO_COMMON_BLOCKS = YES;
				GCC_OPTIMIZATION_LEVEL = 0;
				GCC_PREPROCESSOR_DEFINITIONS = (
					"DEBUG=1",
					"$(inherited)",
				);
				GCC_WARN_64_TO_32_BIT_CONVERSION = YES;
				GCC_WARN_ABOUT_RETURN_TYPE = YES_ERROR;
				GCC_WARN_UNDECLARED_SELECTOR = YES;
				GCC_WARN_UNINITIALIZED_AUTOS = YES_AGGRESSIVE;
				GCC_WARN_UNUSED_FUNCTION = YES;
				GCC_WARN_UNUSED_VARIABLE = YES;
				IPHONEOS_DEPLOYMENT_TARGET = 9.1;
				MTL_ENABLE_DEBUG_INFO = YES;
				ONLY_ACTIVE_ARCH = YES;
				SDKROOT = iphoneos;
				SWIFT_OPTIMIZATION_LEVEL = "-Onone";
			};
			name = Debug;
		};
		F716E4D51C3C0566005017BC /* Release */ = {
			isa = XCBuildConfiguration;
			buildSettings = {
				ALWAYS_SEARCH_USER_PATHS = NO;
				CLANG_CXX_LANGUAGE_STANDARD = "gnu++0x";
				CLANG_CXX_LIBRARY = "libc++";
				CLANG_ENABLE_MODULES = YES;
				CLANG_ENABLE_OBJC_ARC = YES;
				CLANG_WARN_BOOL_CONVERSION = YES;
				CLANG_WARN_CONSTANT_CONVERSION = YES;
				CLANG_WARN_DIRECT_OBJC_ISA_USAGE = YES_ERROR;
				CLANG_WARN_EMPTY_BODY = YES;
				CLANG_WARN_ENUM_CONVERSION = YES;
				CLANG_WARN_INT_CONVERSION = YES;
				CLANG_WARN_OBJC_ROOT_CLASS = YES_ERROR;
				CLANG_WARN_UNREACHABLE_CODE = YES;
				CLANG_WARN__DUPLICATE_METHOD_MATCH = YES;
				"CODE_SIGN_IDENTITY[sdk=iphoneos*]" = "iPhone Developer";
				COPY_PHASE_STRIP = NO;
				DEBUG_INFORMATION_FORMAT = "dwarf-with-dsym";
				ENABLE_NS_ASSERTIONS = NO;
				ENABLE_STRICT_OBJC_MSGSEND = YES;
				GCC_C_LANGUAGE_STANDARD = gnu99;
				GCC_NO_COMMON_BLOCKS = YES;
				GCC_WARN_64_TO_32_BIT_CONVERSION = YES;
				GCC_WARN_ABOUT_RETURN_TYPE = YES_ERROR;
				GCC_WARN_UNDECLARED_SELECTOR = YES;
				GCC_WARN_UNINITIALIZED_AUTOS = YES_AGGRESSIVE;
				GCC_WARN_UNUSED_FUNCTION = YES;
				GCC_WARN_UNUSED_VARIABLE = YES;
				IPHONEOS_DEPLOYMENT_TARGET = 9.1;
				MTL_ENABLE_DEBUG_INFO = NO;
				SDKROOT = iphoneos;
				VALIDATE_PRODUCT = YES;
			};
			name = Release;
		};
		F716E4D71C3C0566005017BC /* Debug */ = {
			isa = XCBuildConfiguration;
			baseConfigurationReference = 8531D6DEAA9EC56220A864C9 /* Pods-Scheduler.debug.xcconfig */;
			buildSettings = {
				ASSETCATALOG_COMPILER_APPICON_NAME = AppIcon;
				INFOPLIST_FILE = Scheduler/Info.plist;
				IPHONEOS_DEPLOYMENT_TARGET = 8.4;
				LD_RUNPATH_SEARCH_PATHS = "$(inherited) @executable_path/Frameworks";
				PRODUCT_BUNDLE_IDENTIFIER = com.patronusllc.Scheduler;
				PRODUCT_NAME = "$(TARGET_NAME)";
			};
			name = Debug;
		};
		F716E4D81C3C0566005017BC /* Release */ = {
			isa = XCBuildConfiguration;
			baseConfigurationReference = 7713F907321536D42AF94E1A /* Pods-Scheduler.release.xcconfig */;
			buildSettings = {
				ASSETCATALOG_COMPILER_APPICON_NAME = AppIcon;
				INFOPLIST_FILE = Scheduler/Info.plist;
				IPHONEOS_DEPLOYMENT_TARGET = 8.4;
				LD_RUNPATH_SEARCH_PATHS = "$(inherited) @executable_path/Frameworks";
				PRODUCT_BUNDLE_IDENTIFIER = com.patronusllc.Scheduler;
				PRODUCT_NAME = "$(TARGET_NAME)";
			};
			name = Release;
		};
		F716E4DA1C3C0566005017BC /* Debug */ = {
			isa = XCBuildConfiguration;
			buildSettings = {
				BUNDLE_LOADER = "$(TEST_HOST)";
				INFOPLIST_FILE = SchedulerTests/Info.plist;
				LD_RUNPATH_SEARCH_PATHS = "$(inherited) @executable_path/Frameworks @loader_path/Frameworks";
				PRODUCT_BUNDLE_IDENTIFIER = com.patronusllc.SchedulerTests;
				PRODUCT_NAME = "$(TARGET_NAME)";
				TEST_HOST = "$(BUILT_PRODUCTS_DIR)/Scheduler.app/Scheduler";
			};
			name = Debug;
		};
		F716E4DB1C3C0566005017BC /* Release */ = {
			isa = XCBuildConfiguration;
			buildSettings = {
				BUNDLE_LOADER = "$(TEST_HOST)";
				INFOPLIST_FILE = SchedulerTests/Info.plist;
				LD_RUNPATH_SEARCH_PATHS = "$(inherited) @executable_path/Frameworks @loader_path/Frameworks";
				PRODUCT_BUNDLE_IDENTIFIER = com.patronusllc.SchedulerTests;
				PRODUCT_NAME = "$(TARGET_NAME)";
				TEST_HOST = "$(BUILT_PRODUCTS_DIR)/Scheduler.app/Scheduler";
			};
			name = Release;
		};
		F716E4DD1C3C0566005017BC /* Debug */ = {
			isa = XCBuildConfiguration;
			buildSettings = {
				INFOPLIST_FILE = SchedulerUITests/Info.plist;
				LD_RUNPATH_SEARCH_PATHS = "$(inherited) @executable_path/Frameworks @loader_path/Frameworks";
				PRODUCT_BUNDLE_IDENTIFIER = com.patronusllc.SchedulerUITests;
				PRODUCT_NAME = "$(TARGET_NAME)";
				TEST_TARGET_NAME = Scheduler;
				USES_XCTRUNNER = YES;
			};
			name = Debug;
		};
		F716E4DE1C3C0566005017BC /* Release */ = {
			isa = XCBuildConfiguration;
			buildSettings = {
				INFOPLIST_FILE = SchedulerUITests/Info.plist;
				LD_RUNPATH_SEARCH_PATHS = "$(inherited) @executable_path/Frameworks @loader_path/Frameworks";
				PRODUCT_BUNDLE_IDENTIFIER = com.patronusllc.SchedulerUITests;
				PRODUCT_NAME = "$(TARGET_NAME)";
				TEST_TARGET_NAME = Scheduler;
				USES_XCTRUNNER = YES;
			};
			name = Release;
		};
/* End XCBuildConfiguration section */

/* Begin XCConfigurationList section */
		F716E4A61C3C0566005017BC /* Build configuration list for PBXProject "Scheduler" */ = {
			isa = XCConfigurationList;
			buildConfigurations = (
				F716E4D41C3C0566005017BC /* Debug */,
				F716E4D51C3C0566005017BC /* Release */,
			);
			defaultConfigurationIsVisible = 0;
			defaultConfigurationName = Release;
		};
		F716E4D61C3C0566005017BC /* Build configuration list for PBXNativeTarget "Scheduler" */ = {
			isa = XCConfigurationList;
			buildConfigurations = (
				F716E4D71C3C0566005017BC /* Debug */,
				F716E4D81C3C0566005017BC /* Release */,
			);
			defaultConfigurationIsVisible = 0;
			defaultConfigurationName = Release;
		};
		F716E4D91C3C0566005017BC /* Build configuration list for PBXNativeTarget "SchedulerTests" */ = {
			isa = XCConfigurationList;
			buildConfigurations = (
				F716E4DA1C3C0566005017BC /* Debug */,
				F716E4DB1C3C0566005017BC /* Release */,
			);
			defaultConfigurationIsVisible = 0;
			defaultConfigurationName = Release;
		};
		F716E4DC1C3C0566005017BC /* Build configuration list for PBXNativeTarget "SchedulerUITests" */ = {
			isa = XCConfigurationList;
			buildConfigurations = (
				F716E4DD1C3C0566005017BC /* Debug */,
				F716E4DE1C3C0566005017BC /* Release */,
			);
			defaultConfigurationIsVisible = 0;
			defaultConfigurationName = Release;
		};
/* End XCConfigurationList section */

/* Begin XCVersionGroup section */
		F716E4B51C3C0566005017BC /* Scheduler.xcdatamodeld */ = {
			isa = XCVersionGroup;
			children = (
				F716E4B61C3C0566005017BC /* Scheduler.xcdatamodel */,
			);
			currentVersion = F716E4B61C3C0566005017BC /* Scheduler.xcdatamodel */;
			path = Scheduler.xcdatamodeld;
			sourceTree = "<group>";
			versionGroupType = wrapper.xcdatamodel;
		};
/* End XCVersionGroup section */
	};
	rootObject = F716E4A31C3C0566005017BC /* Project object */;
}
